
Microsoft Visual Studio Solution File, Format Version 12.00
# Visual Studio Version 16
VisualStudioVersion = 16.0.31205.134
MinimumVisualStudioVersion = 10.0.40219.1
Project("{FAE04EC0-301F-11D3-BF4B-00C04F79EFBC}") = "CaixaSupermercado", "CaixaSupermercado\CaixaSupermercado.csproj", "{147B0BAD-DE36-463C-A468-A05AD1618295}"
EndProject
Project("{FAE04EC0-301F-11D3-BF4B-00C04F79EFBC}") = "Testes", "..\Testes\Testes\Testes.csproj", "{83FCFD18-654D-40FB-B508-9F41A742DDB6}"
EndProject
Global
	GlobalSection(SolutionConfigurationPlatforms) = preSolution
		Debug|Any CPU = Debug|Any CPU
		Release|Any CPU = Release|Any CPU
	EndGlobalSection
	GlobalSection(ProjectConfigurationPlatforms) = postSolution
		{147B0BAD-DE36-463C-A468-A05AD1618295}.Debug|Any CPU.ActiveCfg = Debug|Any CPU
		{147B0BAD-DE36-463C-A468-A05AD1618295}.Debug|Any CPU.Build.0 = Debug|Any CPU
		{147B0BAD-DE36-463C-A468-A05AD1618295}.Release|Any CPU.ActiveCfg = Release|Any CPU
		{147B0BAD-DE36-463C-A468-A05AD1618295}.Release|Any CPU.Build.0 = Release|Any CPU
		{83FCFD18-654D-40FB-B508-9F41A742DDB6}.Debug|Any CPU.ActiveCfg = Debug|Any CPU
		{83FCFD18-654D-40FB-B508-9F41A742DDB6}.Debug|Any CPU.Build.0 = Debug|Any CPU
		{83FCFD18-654D-40FB-B508-9F41A742DDB6}.Release|Any CPU.ActiveCfg = Release|Any CPU
		{83FCFD18-654D-40FB-B508-9F41A742DDB6}.Release|Any CPU.Build.0 = Release|Any CPU
	EndGlobalSection
	GlobalSection(SolutionProperties) = preSolution
		HideSolutionNode = FALSE
	EndGlobalSection
	GlobalSection(ExtensibilityGlobals) = postSolution
		SolutionGuid = {D7AC4A48-5E77-4BCA-A390-285AB441B6F7}
	EndGlobalSection
EndGlobal
